// !$*UTF8*$!
{
	archiveVersion = 1;
	classes = {
	};
	objectVersion = 56;
	objects = {

/* Begin PBXBuildFile section */
		3408428A2B9EFA5A00DFF30A /* SWIFTUI_WidgetApp.swift in Sources */ = {isa = PBXBuildFile; fileRef = 340842892B9EFA5A00DFF30A /* SWIFTUI_WidgetApp.swift */; };
		3408428C2B9EFA5A00DFF30A /* ContentView.swift in Sources */ = {isa = PBXBuildFile; fileRef = 3408428B2B9EFA5A00DFF30A /* ContentView.swift */; };
		3408428E2B9EFA5B00DFF30A /* Assets.xcassets in Resources */ = {isa = PBXBuildFile; fileRef = 3408428D2B9EFA5B00DFF30A /* Assets.xcassets */; };
		340842912B9EFA5B00DFF30A /* Preview Assets.xcassets in Resources */ = {isa = PBXBuildFile; fileRef = 340842902B9EFA5B00DFF30A /* Preview Assets.xcassets */; };
		3408429B2B9EFA5B00DFF30A /* SWIFTUI_WidgetTests.swift in Sources */ = {isa = PBXBuildFile; fileRef = 3408429A2B9EFA5B00DFF30A /* SWIFTUI_WidgetTests.swift */; };
		340842A52B9EFA5B00DFF30A /* SWIFTUI_WidgetUITests.swift in Sources */ = {isa = PBXBuildFile; fileRef = 340842A42B9EFA5B00DFF30A /* SWIFTUI_WidgetUITests.swift */; };
		340842A72B9EFA5B00DFF30A /* SWIFTUI_WidgetUITestsLaunchTests.swift in Sources */ = {isa = PBXBuildFile; fileRef = 340842A62B9EFA5B00DFF30A /* SWIFTUI_WidgetUITestsLaunchTests.swift */; };
		342075D32BA0444A00407C3D /* WidgetKit.framework in Frameworks */ = {isa = PBXBuildFile; fileRef = 342075D22BA0444A00407C3D /* WidgetKit.framework */; };
		342075D52BA0444A00407C3D /* SwiftUI.framework in Frameworks */ = {isa = PBXBuildFile; fileRef = 342075D42BA0444A00407C3D /* SwiftUI.framework */; };
		342075EE2BA044FF00407C3D /* WidgetKit.framework in Frameworks */ = {isa = PBXBuildFile; fileRef = 342075D22BA0444A00407C3D /* WidgetKit.framework */; };
		342075EF2BA044FF00407C3D /* SwiftUI.framework in Frameworks */ = {isa = PBXBuildFile; fileRef = 342075D42BA0444A00407C3D /* SwiftUI.framework */; };
		342075F22BA044FF00407C3D /* U_WidgetBundle.swift in Sources */ = {isa = PBXBuildFile; fileRef = 342075F12BA044FF00407C3D /* U_WidgetBundle.swift */; };
		342075F62BA044FF00407C3D /* U_Widget.swift in Sources */ = {isa = PBXBuildFile; fileRef = 342075F52BA044FF00407C3D /* U_Widget.swift */; };
		342075F82BA044FF00407C3D /* AppIntent.swift in Sources */ = {isa = PBXBuildFile; fileRef = 342075F72BA044FF00407C3D /* AppIntent.swift */; };
		342075FA2BA0450000407C3D /* Assets.xcassets in Resources */ = {isa = PBXBuildFile; fileRef = 342075F92BA0450000407C3D /* Assets.xcassets */; };
		342075FE2BA0450000407C3D /* U_WidgetExtension.appex in Embed Foundation Extensions */ = {isa = PBXBuildFile; fileRef = 342075ED2BA044FF00407C3D /* U_WidgetExtension.appex */; settings = {ATTRIBUTES = (RemoveHeadersOnCopy, ); }; };
/* End PBXBuildFile section */

/* Begin PBXContainerItemProxy section */
		340842972B9EFA5B00DFF30A /* PBXContainerItemProxy */ = {
			isa = PBXContainerItemProxy;
			containerPortal = 3408427E2B9EFA5A00DFF30A /* Project object */;
			proxyType = 1;
			remoteGlobalIDString = 340842852B9EFA5A00DFF30A;
			remoteInfo = SWIFTUI_Widget;
		};
		340842A12B9EFA5B00DFF30A /* PBXContainerItemProxy */ = {
			isa = PBXContainerItemProxy;
			containerPortal = 3408427E2B9EFA5A00DFF30A /* Project object */;
			proxyType = 1;
			remoteGlobalIDString = 340842852B9EFA5A00DFF30A;
			remoteInfo = SWIFTUI_Widget;
		};
		342075FC2BA0450000407C3D /* PBXContainerItemProxy */ = {
			isa = PBXContainerItemProxy;
			containerPortal = 3408427E2B9EFA5A00DFF30A /* Project object */;
			proxyType = 1;
			remoteGlobalIDString = 342075EC2BA044FF00407C3D;
			remoteInfo = U_WidgetExtension;
		};
/* End PBXContainerItemProxy section */

/* Begin PBXCopyFilesBuildPhase section */
		342076022BA0450000407C3D /* Embed Foundation Extensions */ = {
			isa = PBXCopyFilesBuildPhase;
			buildActionMask = 2147483647;
			dstPath = "";
			dstSubfolderSpec = 13;
			files = (
				342075FE2BA0450000407C3D /* U_WidgetExtension.appex in Embed Foundation Extensions */,
			);
			name = "Embed Foundation Extensions";
			runOnlyForDeploymentPostprocessing = 0;
		};
/* End PBXCopyFilesBuildPhase section */

/* Begin PBXFileReference section */
		340842862B9EFA5A00DFF30A /* SWIFTUI_Widget.app */ = {isa = PBXFileReference; explicitFileType = wrapper.application; includeInIndex = 0; path = SWIFTUI_Widget.app; sourceTree = BUILT_PRODUCTS_DIR; };
		340842892B9EFA5A00DFF30A /* SWIFTUI_WidgetApp.swift */ = {isa = PBXFileReference; lastKnownFileType = sourcecode.swift; path = SWIFTUI_WidgetApp.swift; sourceTree = "<group>"; };
		3408428B2B9EFA5A00DFF30A /* ContentView.swift */ = {isa = PBXFileReference; lastKnownFileType = sourcecode.swift; path = ContentView.swift; sourceTree = "<group>"; };
		3408428D2B9EFA5B00DFF30A /* Assets.xcassets */ = {isa = PBXFileReference; lastKnownFileType = folder.assetcatalog; path = Assets.xcassets; sourceTree = "<group>"; };
		340842902B9EFA5B00DFF30A /* Preview Assets.xcassets */ = {isa = PBXFileReference; lastKnownFileType = folder.assetcatalog; path = "Preview Assets.xcassets"; sourceTree = "<group>"; };
		340842962B9EFA5B00DFF30A /* SWIFTUI_WidgetTests.xctest */ = {isa = PBXFileReference; explicitFileType = wrapper.cfbundle; includeInIndex = 0; path = SWIFTUI_WidgetTests.xctest; sourceTree = BUILT_PRODUCTS_DIR; };
		3408429A2B9EFA5B00DFF30A /* SWIFTUI_WidgetTests.swift */ = {isa = PBXFileReference; lastKnownFileType = sourcecode.swift; path = SWIFTUI_WidgetTests.swift; sourceTree = "<group>"; };
		340842A02B9EFA5B00DFF30A /* SWIFTUI_WidgetUITests.xctest */ = {isa = PBXFileReference; explicitFileType = wrapper.cfbundle; includeInIndex = 0; path = SWIFTUI_WidgetUITests.xctest; sourceTree = BUILT_PRODUCTS_DIR; };
		340842A42B9EFA5B00DFF30A /* SWIFTUI_WidgetUITests.swift */ = {isa = PBXFileReference; lastKnownFileType = sourcecode.swift; path = SWIFTUI_WidgetUITests.swift; sourceTree = "<group>"; };
		340842A62B9EFA5B00DFF30A /* SWIFTUI_WidgetUITestsLaunchTests.swift */ = {isa = PBXFileReference; lastKnownFileType = sourcecode.swift; path = SWIFTUI_WidgetUITestsLaunchTests.swift; sourceTree = "<group>"; };
		342075D02BA0444A00407C3D /* WidgetExtension.appex */ = {isa = PBXFileReference; explicitFileType = "wrapper.app-extension"; includeInIndex = 0; path = WidgetExtension.appex; sourceTree = BUILT_PRODUCTS_DIR; };
		342075D22BA0444A00407C3D /* WidgetKit.framework */ = {isa = PBXFileReference; lastKnownFileType = wrapper.framework; name = WidgetKit.framework; path = System/Library/Frameworks/WidgetKit.framework; sourceTree = SDKROOT; };
		342075D42BA0444A00407C3D /* SwiftUI.framework */ = {isa = PBXFileReference; lastKnownFileType = wrapper.framework; name = SwiftUI.framework; path = System/Library/Frameworks/SwiftUI.framework; sourceTree = SDKROOT; };
		342075ED2BA044FF00407C3D /* U_WidgetExtension.appex */ = {isa = PBXFileReference; explicitFileType = "wrapper.app-extension"; includeInIndex = 0; path = U_WidgetExtension.appex; sourceTree = BUILT_PRODUCTS_DIR; };
		342075F12BA044FF00407C3D /* U_WidgetBundle.swift */ = {isa = PBXFileReference; lastKnownFileType = sourcecode.swift; path = U_WidgetBundle.swift; sourceTree = "<group>"; };
		342075F52BA044FF00407C3D /* U_Widget.swift */ = {isa = PBXFileReference; lastKnownFileType = sourcecode.swift; path = U_Widget.swift; sourceTree = "<group>"; };
		342075F72BA044FF00407C3D /* AppIntent.swift */ = {isa = PBXFileReference; lastKnownFileType = sourcecode.swift; path = AppIntent.swift; sourceTree = "<group>"; };
		342075F92BA0450000407C3D /* Assets.xcassets */ = {isa = PBXFileReference; lastKnownFileType = folder.assetcatalog; path = Assets.xcassets; sourceTree = "<group>"; };
		342075FB2BA0450000407C3D /* Info.plist */ = {isa = PBXFileReference; lastKnownFileType = text.plist.xml; path = Info.plist; sourceTree = "<group>"; };
		34F0BCFE2BA98E6B00E2EDF9 /* SWIFTUI-Widget-Info.plist */ = {isa = PBXFileReference; lastKnownFileType = text.plist; path = "SWIFTUI-Widget-Info.plist"; sourceTree = SOURCE_ROOT; };
		34F0BD042BA98EA800E2EDF9 /* Intents.framework */ = {isa = PBXFileReference; lastKnownFileType = wrapper.framework; name = Intents.framework; path = System/Library/Frameworks/Intents.framework; sourceTree = SDKROOT; };
		34F0BD0F2BA98EA800E2EDF9 /* IntentsUI.framework */ = {isa = PBXFileReference; lastKnownFileType = wrapper.framework; name = IntentsUI.framework; path = System/Library/Frameworks/IntentsUI.framework; sourceTree = SDKROOT; };
/* End PBXFileReference section */

/* Begin PBXFrameworksBuildPhase section */
		340842832B9EFA5A00DFF30A /* Frameworks */ = {
			isa = PBXFrameworksBuildPhase;
			buildActionMask = 2147483647;
			files = (
			);
			runOnlyForDeploymentPostprocessing = 0;
		};
		340842932B9EFA5B00DFF30A /* Frameworks */ = {
			isa = PBXFrameworksBuildPhase;
			buildActionMask = 2147483647;
			files = (
			);
			runOnlyForDeploymentPostprocessing = 0;
		};
		3408429D2B9EFA5B00DFF30A /* Frameworks */ = {
			isa = PBXFrameworksBuildPhase;
			buildActionMask = 2147483647;
			files = (
			);
			runOnlyForDeploymentPostprocessing = 0;
		};
		342075CD2BA0444A00407C3D /* Frameworks */ = {
			isa = PBXFrameworksBuildPhase;
			buildActionMask = 2147483647;
			files = (
				342075D52BA0444A00407C3D /* SwiftUI.framework in Frameworks */,
				342075D32BA0444A00407C3D /* WidgetKit.framework in Frameworks */,
			);
			runOnlyForDeploymentPostprocessing = 0;
		};
		342075EA2BA044FF00407C3D /* Frameworks */ = {
			isa = PBXFrameworksBuildPhase;
			buildActionMask = 2147483647;
			files = (
				342075EF2BA044FF00407C3D /* SwiftUI.framework in Frameworks */,
				342075EE2BA044FF00407C3D /* WidgetKit.framework in Frameworks */,
			);
			runOnlyForDeploymentPostprocessing = 0;
		};
/* End PBXFrameworksBuildPhase section */

/* Begin PBXGroup section */
		3408427D2B9EFA5A00DFF30A = {
			isa = PBXGroup;
			children = (
				340842882B9EFA5A00DFF30A /* SWIFTUI_Widget */,
				340842992B9EFA5B00DFF30A /* SWIFTUI_WidgetTests */,
				340842A32B9EFA5B00DFF30A /* SWIFTUI_WidgetUITests */,
				342075F02BA044FF00407C3D /* U_Widget */,
				342075D12BA0444A00407C3D /* Frameworks */,
				340842872B9EFA5A00DFF30A /* Products */,
			);
			sourceTree = "<group>";
		};
		340842872B9EFA5A00DFF30A /* Products */ = {
			isa = PBXGroup;
			children = (
				340842862B9EFA5A00DFF30A /* SWIFTUI_Widget.app */,
				340842962B9EFA5B00DFF30A /* SWIFTUI_WidgetTests.xctest */,
				340842A02B9EFA5B00DFF30A /* SWIFTUI_WidgetUITests.xctest */,
				342075D02BA0444A00407C3D /* WidgetExtension.appex */,
				342075ED2BA044FF00407C3D /* U_WidgetExtension.appex */,
			);
			name = Products;
			sourceTree = "<group>";
		};
		340842882B9EFA5A00DFF30A /* SWIFTUI_Widget */ = {
			isa = PBXGroup;
			children = (
				34F0BCFE2BA98E6B00E2EDF9 /* SWIFTUI-Widget-Info.plist */,
				340842892B9EFA5A00DFF30A /* SWIFTUI_WidgetApp.swift */,
				3408428B2B9EFA5A00DFF30A /* ContentView.swift */,
				3408428D2B9EFA5B00DFF30A /* Assets.xcassets */,
				3408428F2B9EFA5B00DFF30A /* Preview Content */,
			);
			path = SWIFTUI_Widget;
			sourceTree = "<group>";
		};
		3408428F2B9EFA5B00DFF30A /* Preview Content */ = {
			isa = PBXGroup;
			children = (
				340842902B9EFA5B00DFF30A /* Preview Assets.xcassets */,
			);
			path = "Preview Content";
			sourceTree = "<group>";
		};
		340842992B9EFA5B00DFF30A /* SWIFTUI_WidgetTests */ = {
			isa = PBXGroup;
			children = (
				3408429A2B9EFA5B00DFF30A /* SWIFTUI_WidgetTests.swift */,
			);
			path = SWIFTUI_WidgetTests;
			sourceTree = "<group>";
		};
		340842A32B9EFA5B00DFF30A /* SWIFTUI_WidgetUITests */ = {
			isa = PBXGroup;
			children = (
				340842A42B9EFA5B00DFF30A /* SWIFTUI_WidgetUITests.swift */,
				340842A62B9EFA5B00DFF30A /* SWIFTUI_WidgetUITestsLaunchTests.swift */,
			);
			path = SWIFTUI_WidgetUITests;
			sourceTree = "<group>";
		};
		342075D12BA0444A00407C3D /* Frameworks */ = {
			isa = PBXGroup;
			children = (
				342075D22BA0444A00407C3D /* WidgetKit.framework */,
				342075D42BA0444A00407C3D /* SwiftUI.framework */,
				34F0BD042BA98EA800E2EDF9 /* Intents.framework */,
				34F0BD0F2BA98EA800E2EDF9 /* IntentsUI.framework */,
			);
			name = Frameworks;
			sourceTree = "<group>";
		};
		342075F02BA044FF00407C3D /* U_Widget */ = {
			isa = PBXGroup;
			children = (
				342075F12BA044FF00407C3D /* U_WidgetBundle.swift */,
				342075F52BA044FF00407C3D /* U_Widget.swift */,
				342075F72BA044FF00407C3D /* AppIntent.swift */,
				342075F92BA0450000407C3D /* Assets.xcassets */,
				342075FB2BA0450000407C3D /* Info.plist */,
			);
			path = U_Widget;
			sourceTree = "<group>";
		};
/* End PBXGroup section */

/* Begin PBXNativeTarget section */
		340842852B9EFA5A00DFF30A /* SWIFTUI_Widget */ = {
			isa = PBXNativeTarget;
			buildConfigurationList = 340842AA2B9EFA5B00DFF30A /* Build configuration list for PBXNativeTarget "SWIFTUI_Widget" */;
			buildPhases = (
				340842822B9EFA5A00DFF30A /* Sources */,
				340842832B9EFA5A00DFF30A /* Frameworks */,
				340842842B9EFA5A00DFF30A /* Resources */,
				342076022BA0450000407C3D /* Embed Foundation Extensions */,
			);
			buildRules = (
			);
			dependencies = (
				342075FD2BA0450000407C3D /* PBXTargetDependency */,
			);
			name = SWIFTUI_Widget;
			productName = SWIFTUI_Widget;
			productReference = 340842862B9EFA5A00DFF30A /* SWIFTUI_Widget.app */;
			productType = "com.apple.product-type.application";
		};
		340842952B9EFA5B00DFF30A /* SWIFTUI_WidgetTests */ = {
			isa = PBXNativeTarget;
			buildConfigurationList = 340842AD2B9EFA5B00DFF30A /* Build configuration list for PBXNativeTarget "SWIFTUI_WidgetTests" */;
			buildPhases = (
				340842922B9EFA5B00DFF30A /* Sources */,
				340842932B9EFA5B00DFF30A /* Frameworks */,
				340842942B9EFA5B00DFF30A /* Resources */,
			);
			buildRules = (
			);
			dependencies = (
				340842982B9EFA5B00DFF30A /* PBXTargetDependency */,
			);
			name = SWIFTUI_WidgetTests;
			productName = SWIFTUI_WidgetTests;
			productReference = 340842962B9EFA5B00DFF30A /* SWIFTUI_WidgetTests.xctest */;
			productType = "com.apple.product-type.bundle.unit-test";
		};
		3408429F2B9EFA5B00DFF30A /* SWIFTUI_WidgetUITests */ = {
			isa = PBXNativeTarget;
			buildConfigurationList = 340842B02B9EFA5B00DFF30A /* Build configuration list for PBXNativeTarget "SWIFTUI_WidgetUITests" */;
			buildPhases = (
				3408429C2B9EFA5B00DFF30A /* Sources */,
				3408429D2B9EFA5B00DFF30A /* Frameworks */,
				3408429E2B9EFA5B00DFF30A /* Resources */,
			);
			buildRules = (
			);
			dependencies = (
				340842A22B9EFA5B00DFF30A /* PBXTargetDependency */,
			);
			name = SWIFTUI_WidgetUITests;
			productName = SWIFTUI_WidgetUITests;
			productReference = 340842A02B9EFA5B00DFF30A /* SWIFTUI_WidgetUITests.xctest */;
			productType = "com.apple.product-type.bundle.ui-testing";
		};
		342075CF2BA0444A00407C3D /* WidgetExtension */ = {
			isa = PBXNativeTarget;
			buildConfigurationList = 342075E82BA0444C00407C3D /* Build configuration list for PBXNativeTarget "WidgetExtension" */;
			buildPhases = (
				342075CC2BA0444A00407C3D /* Sources */,
				342075CD2BA0444A00407C3D /* Frameworks */,
				342075CE2BA0444A00407C3D /* Resources */,
			);
			buildRules = (
			);
			dependencies = (
			);
			name = WidgetExtension;
			productName = WidgetExtension;
			productReference = 342075D02BA0444A00407C3D /* WidgetExtension.appex */;
			productType = "com.apple.product-type.app-extension";
		};
		342075EC2BA044FF00407C3D /* U_WidgetExtension */ = {
			isa = PBXNativeTarget;
			buildConfigurationList = 342075FF2BA0450000407C3D /* Build configuration list for PBXNativeTarget "U_WidgetExtension" */;
			buildPhases = (
				342075E92BA044FF00407C3D /* Sources */,
				342075EA2BA044FF00407C3D /* Frameworks */,
				342075EB2BA044FF00407C3D /* Resources */,
			);
			buildRules = (
			);
			dependencies = (
			);
			name = U_WidgetExtension;
			productName = U_WidgetExtension;
			productReference = 342075ED2BA044FF00407C3D /* U_WidgetExtension.appex */;
			productType = "com.apple.product-type.app-extension";
		};
/* End PBXNativeTarget section */

/* Begin PBXProject section */
		3408427E2B9EFA5A00DFF30A /* Project object */ = {
			isa = PBXProject;
			attributes = {
				BuildIndependentTargetsInParallel = 1;
				LastSwiftUpdateCheck = 1530;
				LastUpgradeCheck = 1530;
				TargetAttributes = {
					340842852B9EFA5A00DFF30A = {
						CreatedOnToolsVersion = 15.3;
					};
					340842952B9EFA5B00DFF30A = {
						CreatedOnToolsVersion = 15.3;
						TestTargetID = 340842852B9EFA5A00DFF30A;
					};
					3408429F2B9EFA5B00DFF30A = {
						CreatedOnToolsVersion = 15.3;
						TestTargetID = 340842852B9EFA5A00DFF30A;
					};
					342075CF2BA0444A00407C3D = {
						CreatedOnToolsVersion = 15.3;
					};
					342075EC2BA044FF00407C3D = {
						CreatedOnToolsVersion = 15.3;
					};
				};
			};
			buildConfigurationList = 340842812B9EFA5A00DFF30A /* Build configuration list for PBXProject "SWIFTUI_Widget" */;
			compatibilityVersion = "Xcode 14.0";
			developmentRegion = en;
			hasScannedForEncodings = 0;
			knownRegions = (
				en,
				Base,
			);
			mainGroup = 3408427D2B9EFA5A00DFF30A;
			productRefGroup = 340842872B9EFA5A00DFF30A /* Products */;
			projectDirPath = "";
			projectRoot = "";
			targets = (
				340842852B9EFA5A00DFF30A /* SWIFTUI_Widget */,
				340842952B9EFA5B00DFF30A /* SWIFTUI_WidgetTests */,
				3408429F2B9EFA5B00DFF30A /* SWIFTUI_WidgetUITests */,
				342075CF2BA0444A00407C3D /* WidgetExtension */,
				342075EC2BA044FF00407C3D /* U_WidgetExtension */,
			);
		};
/* End PBXProject section */

/* Begin PBXResourcesBuildPhase section */
		340842842B9EFA5A00DFF30A /* Resources */ = {
			isa = PBXResourcesBuildPhase;
			buildActionMask = 2147483647;
			files = (
				340842912B9EFA5B00DFF30A /* Preview Assets.xcassets in Resources */,
				3408428E2B9EFA5B00DFF30A /* Assets.xcassets in Resources */,
			);
			runOnlyForDeploymentPostprocessing = 0;
		};
		340842942B9EFA5B00DFF30A /* Resources */ = {
			isa = PBXResourcesBuildPhase;
			buildActionMask = 2147483647;
			files = (
			);
			runOnlyForDeploymentPostprocessing = 0;
		};
		3408429E2B9EFA5B00DFF30A /* Resources */ = {
			isa = PBXResourcesBuildPhase;
			buildActionMask = 2147483647;
			files = (
			);
			runOnlyForDeploymentPostprocessing = 0;
		};
		342075CE2BA0444A00407C3D /* Resources */ = {
			isa = PBXResourcesBuildPhase;
			buildActionMask = 2147483647;
			files = (
			);
			runOnlyForDeploymentPostprocessing = 0;
		};
		342075EB2BA044FF00407C3D /* Resources */ = {
			isa = PBXResourcesBuildPhase;
			buildActionMask = 2147483647;
			files = (
				342075FA2BA0450000407C3D /* Assets.xcassets in Resources */,
			);
			runOnlyForDeploymentPostprocessing = 0;
		};
/* End PBXResourcesBuildPhase section */

/* Begin PBXSourcesBuildPhase section */
		340842822B9EFA5A00DFF30A /* Sources */ = {
			isa = PBXSourcesBuildPhase;
			buildActionMask = 2147483647;
			files = (
				3408428C2B9EFA5A00DFF30A /* ContentView.swift in Sources */,
				3408428A2B9EFA5A00DFF30A /* SWIFTUI_WidgetApp.swift in Sources */,
			);
			runOnlyForDeploymentPostprocessing = 0;
		};
		340842922B9EFA5B00DFF30A /* Sources */ = {
			isa = PBXSourcesBuildPhase;
			buildActionMask = 2147483647;
			files = (
				3408429B2B9EFA5B00DFF30A /* SWIFTUI_WidgetTests.swift in Sources */,
			);
			runOnlyForDeploymentPostprocessing = 0;
		};
		3408429C2B9EFA5B00DFF30A /* Sources */ = {
			isa = PBXSourcesBuildPhase;
			buildActionMask = 2147483647;
			files = (
				340842A72B9EFA5B00DFF30A /* SWIFTUI_WidgetUITestsLaunchTests.swift in Sources */,
				340842A52B9EFA5B00DFF30A /* SWIFTUI_WidgetUITests.swift in Sources */,
			);
			runOnlyForDeploymentPostprocessing = 0;
		};
		342075CC2BA0444A00407C3D /* Sources */ = {
			isa = PBXSourcesBuildPhase;
			buildActionMask = 2147483647;
			files = (
			);
			runOnlyForDeploymentPostprocessing = 0;
		};
		342075E92BA044FF00407C3D /* Sources */ = {
			isa = PBXSourcesBuildPhase;
			buildActionMask = 2147483647;
			files = (
				342075F62BA044FF00407C3D /* U_Widget.swift in Sources */,
				342075F82BA044FF00407C3D /* AppIntent.swift in Sources */,
				342075F22BA044FF00407C3D /* U_WidgetBundle.swift in Sources */,
			);
			runOnlyForDeploymentPostprocessing = 0;
		};
/* End PBXSourcesBuildPhase section */

/* Begin PBXTargetDependency section */
		340842982B9EFA5B00DFF30A /* PBXTargetDependency */ = {
			isa = PBXTargetDependency;
			target = 340842852B9EFA5A00DFF30A /* SWIFTUI_Widget */;
			targetProxy = 340842972B9EFA5B00DFF30A /* PBXContainerItemProxy */;
		};
		340842A22B9EFA5B00DFF30A /* PBXTargetDependency */ = {
			isa = PBXTargetDependency;
			target = 340842852B9EFA5A00DFF30A /* SWIFTUI_Widget */;
			targetProxy = 340842A12B9EFA5B00DFF30A /* PBXContainerItemProxy */;
		};
		342075FD2BA0450000407C3D /* PBXTargetDependency */ = {
			isa = PBXTargetDependency;
			target = 342075EC2BA044FF00407C3D /* U_WidgetExtension */;
			targetProxy = 342075FC2BA0450000407C3D /* PBXContainerItemProxy */;
		};
/* End PBXTargetDependency section */

/* Begin XCBuildConfiguration section */
		340842A82B9EFA5B00DFF30A /* Debug */ = {
			isa = XCBuildConfiguration;
			buildSettings = {
				ALWAYS_SEARCH_USER_PATHS = NO;
				ASSETCATALOG_COMPILER_GENERATE_SWIFT_ASSET_SYMBOL_EXTENSIONS = YES;
				CLANG_ANALYZER_NONNULL = YES;
				CLANG_ANALYZER_NUMBER_OBJECT_CONVERSION = YES_AGGRESSIVE;
				CLANG_CXX_LANGUAGE_STANDARD = "gnu++20";
				CLANG_ENABLE_MODULES = YES;
				CLANG_ENABLE_OBJC_ARC = YES;
				CLANG_ENABLE_OBJC_WEAK = YES;
				CLANG_WARN_BLOCK_CAPTURE_AUTORELEASING = YES;
				CLANG_WARN_BOOL_CONVERSION = YES;
				CLANG_WARN_COMMA = YES;
				CLANG_WARN_CONSTANT_CONVERSION = YES;
				CLANG_WARN_DEPRECATED_OBJC_IMPLEMENTATIONS = YES;
				CLANG_WARN_DIRECT_OBJC_ISA_USAGE = YES_ERROR;
				CLANG_WARN_DOCUMENTATION_COMMENTS = YES;
				CLANG_WARN_EMPTY_BODY = YES;
				CLANG_WARN_ENUM_CONVERSION = YES;
				CLANG_WARN_INFINITE_RECURSION = YES;
				CLANG_WARN_INT_CONVERSION = YES;
				CLANG_WARN_NON_LITERAL_NULL_CONVERSION = YES;
				CLANG_WARN_OBJC_IMPLICIT_RETAIN_SELF = YES;
				CLANG_WARN_OBJC_LITERAL_CONVERSION = YES;
				CLANG_WARN_OBJC_ROOT_CLASS = YES_ERROR;
				CLANG_WARN_QUOTED_INCLUDE_IN_FRAMEWORK_HEADER = YES;
				CLANG_WARN_RANGE_LOOP_ANALYSIS = YES;
				CLANG_WARN_STRICT_PROTOTYPES = YES;
				CLANG_WARN_SUSPICIOUS_MOVE = YES;
				CLANG_WARN_UNGUARDED_AVAILABILITY = YES_AGGRESSIVE;
				CLANG_WARN_UNREACHABLE_CODE = YES;
				CLANG_WARN__DUPLICATE_METHOD_MATCH = YES;
				COPY_PHASE_STRIP = NO;
				DEBUG_INFORMATION_FORMAT = dwarf;
				ENABLE_STRICT_OBJC_MSGSEND = YES;
				ENABLE_TESTABILITY = YES;
				ENABLE_USER_SCRIPT_SANDBOXING = YES;
				GCC_C_LANGUAGE_STANDARD = gnu17;
				GCC_DYNAMIC_NO_PIC = NO;
				GCC_NO_COMMON_BLOCKS = YES;
				GCC_OPTIMIZATION_LEVEL = 0;
				GCC_PREPROCESSOR_DEFINITIONS = (
					"DEBUG=1",
					"$(inherited)",
				);
				GCC_WARN_64_TO_32_BIT_CONVERSION = YES;
				GCC_WARN_ABOUT_RETURN_TYPE = YES_ERROR;
				GCC_WARN_UNDECLARED_SELECTOR = YES;
				GCC_WARN_UNINITIALIZED_AUTOS = YES_AGGRESSIVE;
				GCC_WARN_UNUSED_FUNCTION = YES;
				GCC_WARN_UNUSED_VARIABLE = YES;
				IPHONEOS_DEPLOYMENT_TARGET = 17.4;
				LOCALIZATION_PREFERS_STRING_CATALOGS = YES;
				MTL_ENABLE_DEBUG_INFO = INCLUDE_SOURCE;
				MTL_FAST_MATH = YES;
				ONLY_ACTIVE_ARCH = YES;
				SDKROOT = iphoneos;
				SWIFT_ACTIVE_COMPILATION_CONDITIONS = "DEBUG $(inherited)";
				SWIFT_OPTIMIZATION_LEVEL = "-Onone";
			};
			name = Debug;
		};
		340842A92B9EFA5B00DFF30A /* Release */ = {
			isa = XCBuildConfiguration;
			buildSettings = {
				ALWAYS_SEARCH_USER_PATHS = NO;
				ASSETCATALOG_COMPILER_GENERATE_SWIFT_ASSET_SYMBOL_EXTENSIONS = YES;
				CLANG_ANALYZER_NONNULL = YES;
				CLANG_ANALYZER_NUMBER_OBJECT_CONVERSION = YES_AGGRESSIVE;
				CLANG_CXX_LANGUAGE_STANDARD = "gnu++20";
				CLANG_ENABLE_MODULES = YES;
				CLANG_ENABLE_OBJC_ARC = YES;
				CLANG_ENABLE_OBJC_WEAK = YES;
				CLANG_WARN_BLOCK_CAPTURE_AUTORELEASING = YES;
				CLANG_WARN_BOOL_CONVERSION = YES;
				CLANG_WARN_COMMA = YES;
				CLANG_WARN_CONSTANT_CONVERSION = YES;
				CLANG_WARN_DEPRECATED_OBJC_IMPLEMENTATIONS = YES;
				CLANG_WARN_DIRECT_OBJC_ISA_USAGE = YES_ERROR;
				CLANG_WARN_DOCUMENTATION_COMMENTS = YES;
				CLANG_WARN_EMPTY_BODY = YES;
				CLANG_WARN_ENUM_CONVERSION = YES;
				CLANG_WARN_INFINITE_RECURSION = YES;
				CLANG_WARN_INT_CONVERSION = YES;
				CLANG_WARN_NON_LITERAL_NULL_CONVERSION = YES;
				CLANG_WARN_OBJC_IMPLICIT_RETAIN_SELF = YES;
				CLANG_WARN_OBJC_LITERAL_CONVERSION = YES;
				CLANG_WARN_OBJC_ROOT_CLASS = YES_ERROR;
				CLANG_WARN_QUOTED_INCLUDE_IN_FRAMEWORK_HEADER = YES;
				CLANG_WARN_RANGE_LOOP_ANALYSIS = YES;
				CLANG_WARN_STRICT_PROTOTYPES = YES;
				CLANG_WARN_SUSPICIOUS_MOVE = YES;
				CLANG_WARN_UNGUARDED_AVAILABILITY = YES_AGGRESSIVE;
				CLANG_WARN_UNREACHABLE_CODE = YES;
				CLANG_WARN__DUPLICATE_METHOD_MATCH = YES;
				COPY_PHASE_STRIP = NO;
				DEBUG_INFORMATION_FORMAT = "dwarf-with-dsym";
				ENABLE_NS_ASSERTIONS = NO;
				ENABLE_STRICT_OBJC_MSGSEND = YES;
				ENABLE_USER_SCRIPT_SANDBOXING = YES;
				GCC_C_LANGUAGE_STANDARD = gnu17;
				GCC_NO_COMMON_BLOCKS = YES;
				GCC_WARN_64_TO_32_BIT_CONVERSION = YES;
				GCC_WARN_ABOUT_RETURN_TYPE = YES_ERROR;
				GCC_WARN_UNDECLARED_SELECTOR = YES;
				GCC_WARN_UNINITIALIZED_AUTOS = YES_AGGRESSIVE;
				GCC_WARN_UNUSED_FUNCTION = YES;
				GCC_WARN_UNUSED_VARIABLE = YES;
				IPHONEOS_DEPLOYMENT_TARGET = 17.4;
				LOCALIZATION_PREFERS_STRING_CATALOGS = YES;
				MTL_ENABLE_DEBUG_INFO = NO;
				MTL_FAST_MATH = YES;
				SDKROOT = iphoneos;
				SWIFT_COMPILATION_MODE = wholemodule;
				VALIDATE_PRODUCT = YES;
			};
			name = Release;
		};
		340842AB2B9EFA5B00DFF30A /* Debug */ = {
			isa = XCBuildConfiguration;
			buildSettings = {
				ALWAYS_EMBED_SWIFT_STANDARD_LIBRARIES = YES;
				ASSETCATALOG_COMPILER_APPICON_NAME = AppIcon;
				ASSETCATALOG_COMPILER_GLOBAL_ACCENT_COLOR_NAME = AccentColor;
				CODE_SIGN_STYLE = Automatic;
				CURRENT_PROJECT_VERSION = 1;
				DEVELOPMENT_ASSET_PATHS = "\"SWIFTUI_Widget/Preview Content\"";
				DEVELOPMENT_TEAM = 6V8879W55Z;
				ENABLE_PREVIEWS = YES;
				GENERATE_INFOPLIST_FILE = YES;
				INFOPLIST_FILE = "SWIFTUI-Widget-Info.plist";
				INFOPLIST_KEY_UIApplicationSceneManifest_Generation = YES;
				INFOPLIST_KEY_UIApplicationSupportsIndirectInputEvents = YES;
				INFOPLIST_KEY_UILaunchScreen_Generation = YES;
				INFOPLIST_KEY_UISupportedInterfaceOrientations_iPad = "UIInterfaceOrientationPortrait UIInterfaceOrientationPortraitUpsideDown UIInterfaceOrientationLandscapeLeft UIInterfaceOrientationLandscapeRight";
				INFOPLIST_KEY_UISupportedInterfaceOrientations_iPhone = "UIInterfaceOrientationPortrait UIInterfaceOrientationLandscapeLeft UIInterfaceOrientationLandscapeRight";
				LD_RUNPATH_SEARCH_PATHS = (
					"$(inherited)",
					"@executable_path/Frameworks",
				);
				MARKETING_VERSION = 1.0;
				PRODUCT_BUNDLE_IDENTIFIER = "com.SWIFTUI-Widget";
				PRODUCT_NAME = "$(TARGET_NAME)";
				SWIFT_EMIT_LOC_STRINGS = YES;
				SWIFT_VERSION = 5.0;
				TARGETED_DEVICE_FAMILY = "1,2";
			};
			name = Debug;
		};
		340842AC2B9EFA5B00DFF30A /* Release */ = {
			isa = XCBuildConfiguration;
			buildSettings = {
				ALWAYS_EMBED_SWIFT_STANDARD_LIBRARIES = YES;
				ASSETCATALOG_COMPILER_APPICON_NAME = AppIcon;
				ASSETCATALOG_COMPILER_GLOBAL_ACCENT_COLOR_NAME = AccentColor;
				CODE_SIGN_STYLE = Automatic;
				CURRENT_PROJECT_VERSION = 1;
				DEVELOPMENT_ASSET_PATHS = "\"SWIFTUI_Widget/Preview Content\"";
				DEVELOPMENT_TEAM = 6V8879W55Z;
				ENABLE_PREVIEWS = YES;
				GENERATE_INFOPLIST_FILE = YES;
				INFOPLIST_FILE = "SWIFTUI-Widget-Info.plist";
				INFOPLIST_KEY_UIApplicationSceneManifest_Generation = YES;
				INFOPLIST_KEY_UIApplicationSupportsIndirectInputEvents = YES;
				INFOPLIST_KEY_UILaunchScreen_Generation = YES;
				INFOPLIST_KEY_UISupportedInterfaceOrientations_iPad = "UIInterfaceOrientationPortrait UIInterfaceOrientationPortraitUpsideDown UIInterfaceOrientationLandscapeLeft UIInterfaceOrientationLandscapeRight";
				INFOPLIST_KEY_UISupportedInterfaceOrientations_iPhone = "UIInterfaceOrientationPortrait UIInterfaceOrientationLandscapeLeft UIInterfaceOrientationLandscapeRight";
				LD_RUNPATH_SEARCH_PATHS = (
					"$(inherited)",
					"@executable_path/Frameworks",
				);
				MARKETING_VERSION = 1.0;
				PRODUCT_BUNDLE_IDENTIFIER = "com.SWIFTUI-Widget";
				PRODUCT_NAME = "$(TARGET_NAME)";
				SWIFT_EMIT_LOC_STRINGS = YES;
				SWIFT_VERSION = 5.0;
				TARGETED_DEVICE_FAMILY = "1,2";
			};
			name = Release;
		};
		340842AE2B9EFA5B00DFF30A /* Debug */ = {
			isa = XCBuildConfiguration;
			buildSettings = {
				ALWAYS_EMBED_SWIFT_STANDARD_LIBRARIES = YES;
				BUNDLE_LOADER = "$(TEST_HOST)";
				CODE_SIGN_STYLE = Automatic;
				CURRENT_PROJECT_VERSION = 1;
				DEVELOPMENT_TEAM = 6V8879W55Z;
				GENERATE_INFOPLIST_FILE = YES;
				IPHONEOS_DEPLOYMENT_TARGET = 17.4;
				MARKETING_VERSION = 1.0;
				PRODUCT_BUNDLE_IDENTIFIER = "com.SWIFTUI-WidgetTests";
				PRODUCT_NAME = "$(TARGET_NAME)";
				SWIFT_EMIT_LOC_STRINGS = NO;
				SWIFT_VERSION = 5.0;
				TARGETED_DEVICE_FAMILY = "1,2";
				TEST_HOST = "$(BUILT_PRODUCTS_DIR)/SWIFTUI_Widget.app/$(BUNDLE_EXECUTABLE_FOLDER_PATH)/SWIFTUI_Widget";
			};
			name = Debug;
		};
		340842AF2B9EFA5B00DFF30A /* Release */ = {
			isa = XCBuildConfiguration;
			buildSettings = {
				ALWAYS_EMBED_SWIFT_STANDARD_LIBRARIES = YES;
				BUNDLE_LOADER = "$(TEST_HOST)";
				CODE_SIGN_STYLE = Automatic;
				CURRENT_PROJECT_VERSION = 1;
				DEVELOPMENT_TEAM = 6V8879W55Z;
				GENERATE_INFOPLIST_FILE = YES;
				IPHONEOS_DEPLOYMENT_TARGET = 17.4;
				MARKETING_VERSION = 1.0;
				PRODUCT_BUNDLE_IDENTIFIER = "com.SWIFTUI-WidgetTests";
				PRODUCT_NAME = "$(TARGET_NAME)";
				SWIFT_EMIT_LOC_STRINGS = NO;
				SWIFT_VERSION = 5.0;
				TARGETED_DEVICE_FAMILY = "1,2";
				TEST_HOST = "$(BUILT_PRODUCTS_DIR)/SWIFTUI_Widget.app/$(BUNDLE_EXECUTABLE_FOLDER_PATH)/SWIFTUI_Widget";
			};
			name = Release;
		};
		340842B12B9EFA5B00DFF30A /* Debug */ = {
			isa = XCBuildConfiguration;
			buildSettings = {
				ALWAYS_EMBED_SWIFT_STANDARD_LIBRARIES = YES;
				CODE_SIGN_STYLE = Automatic;
				CURRENT_PROJECT_VERSION = 1;
				DEVELOPMENT_TEAM = 6V8879W55Z;
				GENERATE_INFOPLIST_FILE = YES;
				MARKETING_VERSION = 1.0;
				PRODUCT_BUNDLE_IDENTIFIER = "com.SWIFTUI-WidgetUITests";
				PRODUCT_NAME = "$(TARGET_NAME)";
				SWIFT_EMIT_LOC_STRINGS = NO;
				SWIFT_VERSION = 5.0;
				TARGETED_DEVICE_FAMILY = "1,2";
				TEST_TARGET_NAME = SWIFTUI_Widget;
			};
			name = Debug;
		};
		340842B22B9EFA5B00DFF30A /* Release */ = {
			isa = XCBuildConfiguration;
			buildSettings = {
				ALWAYS_EMBED_SWIFT_STANDARD_LIBRARIES = YES;
				CODE_SIGN_STYLE = Automatic;
				CURRENT_PROJECT_VERSION = 1;
				DEVELOPMENT_TEAM = 6V8879W55Z;
				GENERATE_INFOPLIST_FILE = YES;
				MARKETING_VERSION = 1.0;
				PRODUCT_BUNDLE_IDENTIFIER = "com.SWIFTUI-WidgetUITests";
				PRODUCT_NAME = "$(TARGET_NAME)";
				SWIFT_EMIT_LOC_STRINGS = NO;
				SWIFT_VERSION = 5.0;
				TARGETED_DEVICE_FAMILY = "1,2";
				TEST_TARGET_NAME = SWIFTUI_Widget;
			};
			name = Release;
		};
		342075E62BA0444C00407C3D /* Debug */ = {
			isa = XCBuildConfiguration;
			buildSettings = {
				ASSETCATALOG_COMPILER_GLOBAL_ACCENT_COLOR_NAME = AccentColor;
				ASSETCATALOG_COMPILER_WIDGET_BACKGROUND_COLOR_NAME = WidgetBackground;
				CODE_SIGN_STYLE = Automatic;
				CURRENT_PROJECT_VERSION = 1;
				DEVELOPMENT_TEAM = 6V8879W55Z;
				GENERATE_INFOPLIST_FILE = YES;
				INFOPLIST_FILE = Widget/Info.plist;
				INFOPLIST_KEY_CFBundleDisplayName = Widget;
				INFOPLIST_KEY_NSHumanReadableCopyright = "";
				LD_RUNPATH_SEARCH_PATHS = (
					"$(inherited)",
					"@executable_path/Frameworks",
					"@executable_path/../../Frameworks",
				);
				MARKETING_VERSION = 1.0;
				PRODUCT_BUNDLE_IDENTIFIER = "com.SWIFTUI-Widget.Widget";
				PRODUCT_NAME = "$(TARGET_NAME)";
				SKIP_INSTALL = YES;
				SWIFT_EMIT_LOC_STRINGS = YES;
				SWIFT_VERSION = 5.0;
				TARGETED_DEVICE_FAMILY = "1,2";
			};
			name = Debug;
		};
		342075E72BA0444C00407C3D /* Release */ = {
			isa = XCBuildConfiguration;
			buildSettings = {
				ASSETCATALOG_COMPILER_GLOBAL_ACCENT_COLOR_NAME = AccentColor;
				ASSETCATALOG_COMPILER_WIDGET_BACKGROUND_COLOR_NAME = WidgetBackground;
				CODE_SIGN_STYLE = Automatic;
				CURRENT_PROJECT_VERSION = 1;
				DEVELOPMENT_TEAM = 6V8879W55Z;
				GENERATE_INFOPLIST_FILE = YES;
				INFOPLIST_FILE = Widget/Info.plist;
				INFOPLIST_KEY_CFBundleDisplayName = Widget;
				INFOPLIST_KEY_NSHumanReadableCopyright = "";
				LD_RUNPATH_SEARCH_PATHS = (
					"$(inherited)",
					"@executable_path/Frameworks",
					"@executable_path/../../Frameworks",
				);
				MARKETING_VERSION = 1.0;
				PRODUCT_BUNDLE_IDENTIFIER = "com.SWIFTUI-Widget.Widget";
				PRODUCT_NAME = "$(TARGET_NAME)";
				SKIP_INSTALL = YES;
				SWIFT_EMIT_LOC_STRINGS = YES;
				SWIFT_VERSION = 5.0;
				TARGETED_DEVICE_FAMILY = "1,2";
			};
			name = Release;
		};
		342076002BA0450000407C3D /* Debug */ = {
			isa = XCBuildConfiguration;
			buildSettings = {
				ASSETCATALOG_COMPILER_GLOBAL_ACCENT_COLOR_NAME = AccentColor;
				ASSETCATALOG_COMPILER_WIDGET_BACKGROUND_COLOR_NAME = WidgetBackground;
				CODE_SIGN_STYLE = Automatic;
				CURRENT_PROJECT_VERSION = 1;
				DEVELOPMENT_TEAM = 6V8879W55Z;
				GENERATE_INFOPLIST_FILE = YES;
				INFOPLIST_FILE = U_Widget/Info.plist;
				INFOPLIST_KEY_CFBundleDisplayName = U_Widget;
				INFOPLIST_KEY_NSHumanReadableCopyright = "";
				LD_RUNPATH_SEARCH_PATHS = (
					"$(inherited)",
					"@executable_path/Frameworks",
					"@executable_path/../../Frameworks",
				);
				MARKETING_VERSION = 1.0;
				PRODUCT_BUNDLE_IDENTIFIER = "com.SWIFTUI-Widget.U-Widget";
				PRODUCT_NAME = "$(TARGET_NAME)";
				SKIP_INSTALL = YES;
				SWIFT_EMIT_LOC_STRINGS = YES;
				SWIFT_VERSION = 5.0;
				TARGETED_DEVICE_FAMILY = "1,2";
			};
			name = Debug;
		};
		342076012BA0450000407C3D /* Release */ = {
			isa = XCBuildConfiguration;
			buildSettings = {
				ASSETCATALOG_COMPILER_GLOBAL_ACCENT_COLOR_NAME = AccentColor;
				ASSETCATALOG_COMPILER_WIDGET_BACKGROUND_COLOR_NAME = WidgetBackground;
				CODE_SIGN_STYLE = Automatic;
				CURRENT_PROJECT_VERSION = 1;
				DEVELOPMENT_TEAM = 6V8879W55Z;
				GENERATE_INFOPLIST_FILE = YES;
				INFOPLIST_FILE = U_Widget/Info.plist;
				INFOPLIST_KEY_CFBundleDisplayName = U_Widget;
				INFOPLIST_KEY_NSHumanReadableCopyright = "";
				LD_RUNPATH_SEARCH_PATHS = (
					"$(inherited)",
					"@executable_path/Frameworks",
					"@executable_path/../../Frameworks",
				);
				MARKETING_VERSION = 1.0;
				PRODUCT_BUNDLE_IDENTIFIER = "com.SWIFTUI-Widget.U-Widget";
				PRODUCT_NAME = "$(TARGET_NAME)";
				SKIP_INSTALL = YES;
				SWIFT_EMIT_LOC_STRINGS = YES;
				SWIFT_VERSION = 5.0;
				TARGETED_DEVICE_FAMILY = "1,2";
			};
			name = Release;
		};
/* End XCBuildConfiguration section */

/* Begin XCConfigurationList section */
		340842812B9EFA5A00DFF30A /* Build configuration list for PBXProject "SWIFTUI_Widget" */ = {
			isa = XCConfigurationList;
			buildConfigurations = (
				340842A82B9EFA5B00DFF30A /* Debug */,
				340842A92B9EFA5B00DFF30A /* Release */,
			);
			defaultConfigurationIsVisible = 0;
			defaultConfigurationName = Release;
		};
		340842AA2B9EFA5B00DFF30A /* Build configuration list for PBXNativeTarget "SWIFTUI_Widget" */ = {
			isa = XCConfigurationList;
			buildConfigurations = (
				340842AB2B9EFA5B00DFF30A /* Debug */,
				340842AC2B9EFA5B00DFF30A /* Release */,
			);
			defaultConfigurationIsVisible = 0;
			defaultConfigurationName = Release;
		};
		340842AD2B9EFA5B00DFF30A /* Build configuration list for PBXNativeTarget "SWIFTUI_WidgetTests" */ = {
			isa = XCConfigurationList;
			buildConfigurations = (
				340842AE2B9EFA5B00DFF30A /* Debug */,
				340842AF2B9EFA5B00DFF30A /* Release */,
			);
			defaultConfigurationIsVisible = 0;
			defaultConfigurationName = Release;
		};
		340842B02B9EFA5B00DFF30A /* Build configuration list for PBXNativeTarget "SWIFTUI_WidgetUITests" */ = {
			isa = XCConfigurationList;
			buildConfigurations = (
				340842B12B9EFA5B00DFF30A /* Debug */,
				340842B22B9EFA5B00DFF30A /* Release */,
			);
			defaultConfigurationIsVisible = 0;
			defaultConfigurationName = Release;
		};
		342075E82BA0444C00407C3D /* Build configuration list for PBXNativeTarget "WidgetExtension" */ = {
			isa = XCConfigurationList;
			buildConfigurations = (
				342075E62BA0444C00407C3D /* Debug */,
				342075E72BA0444C00407C3D /* Release */,
			);
			defaultConfigurationIsVisible = 0;
			defaultConfigurationName = Release;
		};
		342075FF2BA0450000407C3D /* Build configuration list for PBXNativeTarget "U_WidgetExtension" */ = {
			isa = XCConfigurationList;
			buildConfigurations = (
				342076002BA0450000407C3D /* Debug */,
				342076012BA0450000407C3D /* Release */,
			);
			defaultConfigurationIsVisible = 0;
			defaultConfigurationName = Release;
		};
/* End XCConfigurationList section */
	};
	rootObject = 3408427E2B9EFA5A00DFF30A /* Project object */;
}
